
Microsoft Visual Studio Solution File, Format Version 12.00
# Visual Studio Version 17
VisualStudioVersion = 17.11.35219.272
MinimumVisualStudioVersion = 10.0.40219.1
Project("{9A19103F-16F7-4668-BE54-9A1E7A4F7556}") = "Project", "Project.csproj", "{FC5991B1-81F2-45E7-8138-67F2CE126020}"
EndProject
Global
	GlobalSection(SolutionConfigurationPlatforms) = preSolution
		Debug|Any CPU = Debug|Any CPU
		Release|Any CPU = Release|Any CPU
	EndGlobalSection
	GlobalSection(ProjectConfigurationPlatforms) = postSolution
		{FC5991B1-81F2-45E7-8138-67F2CE126020}.Debug|Any CPU.ActiveCfg = Debug|Any CPU
		{FC5991B1-81F2-45E7-8138-67F2CE126020}.Debug|Any CPU.Build.0 = Debug|Any CPU
		{FC5991B1-81F2-45E7-8138-67F2CE126020}.Release|Any CPU.ActiveCfg = Release|Any CPU
		{FC5991B1-81F2-45E7-8138-67F2CE126020}.Release|Any CPU.Build.0 = Release|Any CPU
	EndGlobalSection
	GlobalSection(SolutionProperties) = preSolution
		HideSolutionNode = FALSE
	EndGlobalSection
	GlobalSection(ExtensibilityGlobals) = postSolution
		SolutionGuid = {97CFE25F-559A-426F-B0B5-35D843BCAAD7}
	EndGlobalSection
EndGlobal
