
Microsoft Visual Studio Solution File, Format Version 12.00
# Visual Studio Version 17
VisualStudioVersion = 17.11.35219.272
MinimumVisualStudioVersion = 10.0.40219.1
Project("{FAE04EC0-301F-11D3-BF4B-00C04F79EFBC}") = "BaiKiemTra03_03", "BaiKiemTra03_03.csproj", "{873D668A-8FB1-4339-90C5-B3DC4512A96D}"
EndProject
Global
	GlobalSection(SolutionConfigurationPlatforms) = preSolution
		Debug|Any CPU = Debug|Any CPU
		Release|Any CPU = Release|Any CPU
	EndGlobalSection
	GlobalSection(ProjectConfigurationPlatforms) = postSolution
		{873D668A-8FB1-4339-90C5-B3DC4512A96D}.Debug|Any CPU.ActiveCfg = Debug|Any CPU
		{873D668A-8FB1-4339-90C5-B3DC4512A96D}.Debug|Any CPU.Build.0 = Debug|Any CPU
		{873D668A-8FB1-4339-90C5-B3DC4512A96D}.Release|Any CPU.ActiveCfg = Release|Any CPU
		{873D668A-8FB1-4339-90C5-B3DC4512A96D}.Release|Any CPU.Build.0 = Release|Any CPU
	EndGlobalSection
	GlobalSection(SolutionProperties) = preSolution
		HideSolutionNode = FALSE
	EndGlobalSection
	GlobalSection(ExtensibilityGlobals) = postSolution
		SolutionGuid = {8798A0E7-266F-4549-A43C-F399830817DE}
	EndGlobalSection
EndGlobal
